
Microsoft Visual Studio Solution File, Format Version 12.00
Project("{FAE04EC0-301F-11D3-BF4B-00C04F79EFBC}") = "Day1", "Day1\Day1.csproj", "{E6734F76-1C0E-4782-8D33-F1870164B985}"
EndProject
Global
	GlobalSection(SolutionConfigurationPlatforms) = preSolution
		Debug|Any CPU = Debug|Any CPU
		Release|Any CPU = Release|Any CPU
	EndGlobalSection
	GlobalSection(ProjectConfigurationPlatforms) = postSolution
		{E6734F76-1C0E-4782-8D33-F1870164B985}.Debug|Any CPU.ActiveCfg = Debug|Any CPU
		{E6734F76-1C0E-4782-8D33-F1870164B985}.Debug|Any CPU.Build.0 = Debug|Any CPU
		{E6734F76-1C0E-4782-8D33-F1870164B985}.Release|Any CPU.ActiveCfg = Release|Any CPU
		{E6734F76-1C0E-4782-8D33-F1870164B985}.Release|Any CPU.Build.0 = Release|Any CPU
	EndGlobalSection
EndGlobal
